Microsoft Visual Studio Solution File, Format Version 11.00
# Visual Studio 2008

Project("{0C060696-A1D4-6319-D61F-62C82224DE47}") = "OldBirds", "Assembly-CSharp-firstpass-vs.csproj", "{227C8C24-33A0-62B1-CF3E-855E0D583E61}"
EndProject
Project("{0C060696-A1D4-6319-D61F-62C82224DE47}") = "OldBirds", "Assembly-CSharp-vs.csproj", "{6E7212C7-A495-729D-5E33-954D7D090D1A}"
EndProject
Global
	GlobalSection(SolutionConfigurationPlatforms) = preSolution
		Debug|Any CPU = Debug|Any CPU
		Release|Any CPU = Release|Any CPU
	EndGlobalSection
	GlobalSection(ProjectConfigurationPlatforms) = postSolution
		{227C8C24-33A0-62B1-CF3E-855E0D583E61}.Debug|Any CPU.ActiveCfg = Debug|Any CPU
		{227C8C24-33A0-62B1-CF3E-855E0D583E61}.Debug|Any CPU.Build.0 = Debug|Any CPU
		{227C8C24-33A0-62B1-CF3E-855E0D583E61}.Release|Any CPU.ActiveCfg = Release|Any CPU
		{227C8C24-33A0-62B1-CF3E-855E0D583E61}.Release|Any CPU.Build.0 = Release|Any CPU
		{6E7212C7-A495-729D-5E33-954D7D090D1A}.Debug|Any CPU.ActiveCfg = Debug|Any CPU
		{6E7212C7-A495-729D-5E33-954D7D090D1A}.Debug|Any CPU.Build.0 = Debug|Any CPU
		{6E7212C7-A495-729D-5E33-954D7D090D1A}.Release|Any CPU.ActiveCfg = Release|Any CPU
		{6E7212C7-A495-729D-5E33-954D7D090D1A}.Release|Any CPU.Build.0 = Release|Any CPU
	EndGlobalSection
	GlobalSection(SolutionProperties) = preSolution
		HideSolutionNode = FALSE
	EndGlobalSection
				GlobalSection(MonoDevelopProperties) = preSolution
		StartupItem = Assembly-CSharp.csproj
		Policies = $0
		$0.TextStylePolicy = $1
		$1.inheritsSet = null
		$1.scope = text/x-csharp
		$0.CSharpFormattingPolicy = $2
		$2.inheritsSet = Mono
		$2.inheritsScope = text/x-csharp
		$2.scope = text/x-csharp
		$0.TextStylePolicy = $3
		$3.FileWidth = 120
		$3.TabWidth = 4
		$3.IndentWidth = 4
		$3.EolMarker = Unix
		$3.inheritsSet = Mono
		$3.inheritsScope = text/plain
		$3.scope = text/plain
	EndGlobalSection

EndGlobal
